
Microsoft Visual Studio Solution File, Format Version 12.00
# Visual Studio Version 17
VisualStudioVersion = 17.10.35013.160
MinimumVisualStudioVersion = 10.0.40219.1
Project("{FAE04EC0-301F-11D3-BF4B-00C04F79EFBC}") = "Auth0Login", "Auth0Login\Auth0Login.csproj", "{7BC4D7E3-878D-4B71-8500-B336FD3472BE}"
EndProject
Global
	GlobalSection(SolutionConfigurationPlatforms) = preSolution
		Debug|Any CPU = Debug|Any CPU
		Release|Any CPU = Release|Any CPU
	EndGlobalSection
	GlobalSection(ProjectConfigurationPlatforms) = postSolution
		{7BC4D7E3-878D-4B71-8500-B336FD3472BE}.Debug|Any CPU.ActiveCfg = Debug|Any CPU
		{7BC4D7E3-878D-4B71-8500-B336FD3472BE}.Debug|Any CPU.Build.0 = Debug|Any CPU
		{7BC4D7E3-878D-4B71-8500-B336FD3472BE}.Release|Any CPU.ActiveCfg = Release|Any CPU
		{7BC4D7E3-878D-4B71-8500-B336FD3472BE}.Release|Any CPU.Build.0 = Release|Any CPU
	EndGlobalSection
	GlobalSection(SolutionProperties) = preSolution
		HideSolutionNode = FALSE
	EndGlobalSection
	GlobalSection(ExtensibilityGlobals) = postSolution
		SolutionGuid = {8F8B6446-C9B5-4A30-8C7D-B8D22C21A78A}
	EndGlobalSection
EndGlobal
